<Solution>
  <Project Path="src/Inventory.Api/Inventory.Api.csproj" />
  <Project Path="src/Inventory.Core/Inventory.Core.csproj" />
  <Project Path="src/Inventory.Infrastructure/Inventory.Infrastructure.csproj" />
  <Project Path="tests/Inventory.Api.Tests/Inventory.Api.Tests.csproj" />
</Solution>